// !$*UTF8*$!
{
	archiveVersion = 1;
	classes = {
	};
	objectVersion = 46;
	objects = {

/* Begin PBXBuildFile section */
		65F520C11DE974E700188FA2 /* AppDelegate.swift in Sources */ = {isa = PBXBuildFile; fileRef = 65F520C01DE974E700188FA2 /* AppDelegate.swift */; };
		65F520C31DE974E700188FA2 /* ViewController.swift in Sources */ = {isa = PBXBuildFile; fileRef = 65F520C21DE974E700188FA2 /* ViewController.swift */; };
		65F520C61DE974E700188FA2 /* Main.storyboard in Resources */ = {isa = PBXBuildFile; fileRef = 65F520C41DE974E700188FA2 /* Main.storyboard */; };
		65F520C81DE974E700188FA2 /* Assets.xcassets in Resources */ = {isa = PBXBuildFile; fileRef = 65F520C71DE974E700188FA2 /* Assets.xcassets */; };
		65F520CB1DE974E700188FA2 /* LaunchScreen.storyboard in Resources */ = {isa = PBXBuildFile; fileRef = 65F520C91DE974E700188FA2 /* LaunchScreen.storyboard */; };
		65F520D31DE9754B00188FA2 /* GuessNumberEngine.swift in Sources */ = {isa = PBXBuildFile; fileRef = 65F520D21DE9754B00188FA2 /* GuessNumberEngine.swift */; };
/* End PBXBuildFile section */

/* Begin PBXFileReference section */
		65F520BD1DE974E700188FA2 /* HelloGuestNumber.app */ = {isa = PBXFileReference; explicitFileType = wrapper.application; includeInIndex = 0; path = HelloGuestNumber.app; sourceTree = BUILT_PRODUCTS_DIR; };
		65F520C01DE974E700188FA2 /* AppDelegate.swift */ = {isa = PBXFileReference; lastKnownFileType = sourcecode.swift; path = AppDelegate.swift; sourceTree = "<group>"; };
		65F520C21DE974E700188FA2 /* ViewController.swift */ = {isa = PBXFileReference; lastKnownFileType = sourcecode.swift; path = ViewController.swift; sourceTree = "<group>"; };
		65F520C51DE974E700188FA2 /* Base */ = {isa = PBXFileReference; lastKnownFileType = file.storyboard; name = Base; path = Base.lproj/Main.storyboard; sourceTree = "<group>"; };
		65F520C71DE974E700188FA2 /* Assets.xcassets */ = {isa = PBXFileReference; lastKnownFileType = folder.assetcatalog; path = Assets.xcassets; sourceTree = "<group>"; };
		65F520CA1DE974E700188FA2 /* Base */ = {isa = PBXFileReference; lastKnownFileType = file.storyboard; name = Base; path = Base.lproj/LaunchScreen.storyboard; sourceTree = "<group>"; };
		65F520CC1DE974E700188FA2 /* Info.plist */ = {isa = PBXFileReference; lastKnownFileType = text.plist.xml; path = Info.plist; sourceTree = "<group>"; };
		65F520D21DE9754B00188FA2 /* GuessNumberEngine.swift */ = {isa = PBXFileReference; fileEncoding = 4; lastKnownFileType = sourcecode.swift; path = GuessNumberEngine.swift; sourceTree = "<group>"; };
/* End PBXFileReference section */

/* Begin PBXFrameworksBuildPhase section */
		65F520BA1DE974E700188FA2 /* Frameworks */ = {
			isa = PBXFrameworksBuildPhase;
			buildActionMask = 2147483647;
			files = (
			);
			runOnlyForDeploymentPostprocessing = 0;
		};
/* End PBXFrameworksBuildPhase section */

/* Begin PBXGroup section */
		65F520B41DE974E700188FA2 = {
			isa = PBXGroup;
			children = (
				65F520BF1DE974E700188FA2 /* HelloGuestNumber */,
				65F520BE1DE974E700188FA2 /* Products */,
			);
			sourceTree = "<group>";
		};
		65F520BE1DE974E700188FA2 /* Products */ = {
			isa = PBXGroup;
			children = (
				65F520BD1DE974E700188FA2 /* HelloGuestNumber.app */,
			);
			name = Products;
			sourceTree = "<group>";
		};
		65F520BF1DE974E700188FA2 /* HelloGuestNumber */ = {
			isa = PBXGroup;
			children = (
				65F520C01DE974E700188FA2 /* AppDelegate.swift */,
				65F520C21DE974E700188FA2 /* ViewController.swift */,
				65F520C41DE974E700188FA2 /* Main.storyboard */,
				65F520D21DE9754B00188FA2 /* GuessNumberEngine.swift */,
				65F520C71DE974E700188FA2 /* Assets.xcassets */,
				65F520C91DE974E700188FA2 /* LaunchScreen.storyboard */,
				65F520CC1DE974E700188FA2 /* Info.plist */,
			);
			path = HelloGuestNumber;
			sourceTree = "<group>";
		};
/* End PBXGroup section */

/* Begin PBXNativeTarget section */
		65F520BC1DE974E700188FA2 /* HelloGuestNumber */ = {
			isa = PBXNativeTarget;
			buildConfigurationList = 65F520CF1DE974E700188FA2 /* Build configuration list for PBXNativeTarget "HelloGuestNumber" */;
			buildPhases = (
				65F520B91DE974E700188FA2 /* Sources */,
				65F520BA1DE974E700188FA2 /* Frameworks */,
				65F520BB1DE974E700188FA2 /* Resources */,
			);
			buildRules = (
			);
			dependencies = (
			);
			name = HelloGuestNumber;
			productName = HelloGuestNumber;
			productReference = 65F520BD1DE974E700188FA2 /* HelloGuestNumber.app */;
			productType = "com.apple.product-type.application";
		};
/* End PBXNativeTarget section */

/* Begin PBXProject section */
		65F520B51DE974E700188FA2 /* Project object */ = {
			isa = PBXProject;
			attributes = {
				LastSwiftUpdateCheck = 0810;
				LastUpgradeCheck = 0810;
				ORGANIZATIONNAME = Daniel;
				TargetAttributes = {
					65F520BC1DE974E700188FA2 = {
						CreatedOnToolsVersion = 8.1;
						ProvisioningStyle = Automatic;
					};
				};
			};
			buildConfigurationList = 65F520B81DE974E700188FA2 /* Build configuration list for PBXProject "HelloGuestNumber" */;
			compatibilityVersion = "Xcode 3.2";
			developmentRegion = English;
			hasScannedForEncodings = 0;
			knownRegions = (
				en,
				Base,
			);
			mainGroup = 65F520B41DE974E700188FA2;
			productRefGroup = 65F520BE1DE974E700188FA2 /* Products */;
			projectDirPath = "";
			projectRoot = "";
			targets = (
				65F520BC1DE974E700188FA2 /* HelloGuestNumber */,
			);
		};
/* End PBXProject section */

/* Begin PBXResourcesBuildPhase section */
		65F520BB1DE974E700188FA2 /* Resources */ = {
			isa = PBXResourcesBuildPhase;
			buildActionMask = 2147483647;
			files = (
				65F520CB1DE974E700188FA2 /* LaunchScreen.storyboard in Resources */,
				65F520C81DE974E700188FA2 /* Assets.xcassets in Resources */,
				65F520C61DE974E700188FA2 /* Main.storyboard in Resources */,
			);
			runOnlyForDeploymentPostprocessing = 0;
		};
/* End PBXResourcesBuildPhase section */

/* Begin PBXSourcesBuildPhase section */
		65F520B91DE974E700188FA2 /* Sources */ = {
			isa = PBXSourcesBuildPhase;
			buildActionMask = 2147483647;
			files = (
				65F520C31DE974E700188FA2 /* ViewController.swift in Sources */,
				65F520D31DE9754B00188FA2 /* GuessNumberEngine.swift in Sources */,
				65F520C11DE974E700188FA2 /* AppDelegate.swift in Sources */,
			);
			runOnlyForDeploymentPostprocessing = 0;
		};
/* End PBXSourcesBuildPhase section */

/* Begin PBXVariantGroup section */
		65F520C41DE974E700188FA2 /* Main.storyboard */ = {
			isa = PBXVariantGroup;
			children = (
				65F520C51DE974E700188FA2 /* Base */,
			);
			name = Main.storyboard;
			sourceTree = "<group>";
		};
		65F520C91DE974E700188FA2 /* LaunchScreen.storyboard */ = {
			isa = PBXVariantGroup;
			children = (
				65F520CA1DE974E700188FA2 /* Base */,
			);
			name = LaunchScreen.storyboard;
			sourceTree = "<group>";
		};
/* End PBXVariantGroup section */

/* Begin XCBuildConfiguration section */
		65F520CD1DE974E700188FA2 /* Debug */ = {
			isa = XCBuildConfiguration;
			buildSettings = {
				ALWAYS_SEARCH_USER_PATHS = NO;
				CLANG_ANALYZER_NONNULL = YES;
				CLANG_CXX_LANGUAGE_STANDARD = "gnu++0x";
				CLANG_CXX_LIBRARY = "libc++";
				CLANG_ENABLE_MODULES = YES;
				CLANG_ENABLE_OBJC_ARC = YES;
				CLANG_WARN_BOOL_CONVERSION = YES;
				CLANG_WARN_CONSTANT_CONVERSION = YES;
				CLANG_WARN_DIRECT_OBJC_ISA_USAGE = YES_ERROR;
				CLANG_WARN_DOCUMENTATION_COMMENTS = YES;
				CLANG_WARN_EMPTY_BODY = YES;
				CLANG_WARN_ENUM_CONVERSION = YES;
				CLANG_WARN_INFINITE_RECURSION = YES;
				CLANG_WARN_INT_CONVERSION = YES;
				CLANG_WARN_OBJC_ROOT_CLASS = YES_ERROR;
				CLANG_WARN_SUSPICIOUS_MOVES = YES;
				CLANG_WARN_UNREACHABLE_CODE = YES;
				CLANG_WARN__DUPLICATE_METHOD_MATCH = YES;
				"CODE_SIGN_IDENTITY[sdk=iphoneos*]" = "iPhone Developer";
				COPY_PHASE_STRIP = NO;
				DEBUG_INFORMATION_FORMAT = dwarf;
				ENABLE_STRICT_OBJC_MSGSEND = YES;
				ENABLE_TESTABILITY = YES;
				GCC_C_LANGUAGE_STANDARD = gnu99;
				GCC_DYNAMIC_NO_PIC = NO;
				GCC_NO_COMMON_BLOCKS = YES;
				GCC_OPTIMIZATION_LEVEL = 0;
				GCC_PREPROCESSOR_DEFINITIONS = (
					"DEBUG=1",
					"$(inherited)",
				);
				GCC_WARN_64_TO_32_BIT_CONVERSION = YES;
				GCC_WARN_ABOUT_RETURN_TYPE = YES_ERROR;
				GCC_WARN_UNDECLARED_SELECTOR = YES;
				GCC_WARN_UNINITIALIZED_AUTOS = YES_AGGRESSIVE;
				GCC_WARN_UNUSED_FUNCTION = YES;
				GCC_WARN_UNUSED_VARIABLE = YES;
				IPHONEOS_DEPLOYMENT_TARGET = 10.1;
				MTL_ENABLE_DEBUG_INFO = YES;
				ONLY_ACTIVE_ARCH = YES;
				SDKROOT = iphoneos;
				SWIFT_ACTIVE_COMPILATION_CONDITIONS = DEBUG;
				SWIFT_OPTIMIZATION_LEVEL = "-Onone";
			};
			name = Debug;
		};
		65F520CE1DE974E700188FA2 /* Release */ = {
			isa = XCBuildConfiguration;
			buildSettings = {
				ALWAYS_SEARCH_USER_PATHS = NO;
				CLANG_ANALYZER_NONNULL = YES;
				CLANG_CXX_LANGUAGE_STANDARD = "gnu++0x";
				CLANG_CXX_LIBRARY = "libc++";
				CLANG_ENABLE_MODULES = YES;
				CLANG_ENABLE_OBJC_ARC = YES;
				CLANG_WARN_BOOL_CONVERSION = YES;
				CLANG_WARN_CONSTANT_CONVERSION = YES;
				CLANG_WARN_DIRECT_OBJC_ISA_USAGE = YES_ERROR;
				CLANG_WARN_DOCUMENTATION_COMMENTS = YES;
				CLANG_WARN_EMPTY_BODY = YES;
				CLANG_WARN_ENUM_CONVERSION = YES;
				CLANG_WARN_INFINITE_RECURSION = YES;
				CLANG_WARN_INT_CONVERSION = YES;
				CLANG_WARN_OBJC_ROOT_CLASS = YES_ERROR;
				CLANG_WARN_SUSPICIOUS_MOVES = YES;
				CLANG_WARN_UNREACHABLE_CODE = YES;
				CLANG_WARN__DUPLICATE_METHOD_MATCH = YES;
				"CODE_SIGN_IDENTITY[sdk=iphoneos*]" = "iPhone Developer";
				COPY_PHASE_STRIP = NO;
				DEBUG_INFORMATION_FORMAT = "dwarf-with-dsym";
				ENABLE_NS_ASSERTIONS = NO;
				ENABLE_STRICT_OBJC_MSGSEND = YES;
				GCC_C_LANGUAGE_STANDARD = gnu99;
				GCC_NO_COMMON_BLOCKS = YES;
				GCC_WARN_64_TO_32_BIT_CONVERSION = YES;
				GCC_WARN_ABOUT_RETURN_TYPE = YES_ERROR;
				GCC_WARN_UNDECLARED_SELECTOR = YES;
				GCC_WARN_UNINITIALIZED_AUTOS = YES_AGGRESSIVE;
				GCC_WARN_UNUSED_FUNCTION = YES;
				GCC_WARN_UNUSED_VARIABLE = YES;
				IPHONEOS_DEPLOYMENT_TARGET = 10.1;
				MTL_ENABLE_DEBUG_INFO = NO;
				SDKROOT = iphoneos;
				SWIFT_OPTIMIZATION_LEVEL = "-Owholemodule";
				VALIDATE_PRODUCT = YES;
			};
			name = Release;
		};
		65F520D01DE974E700188FA2 /* Debug */ = {
			isa = XCBuildConfiguration;
			buildSettings = {
				ASSETCATALOG_COMPILER_APPICON_NAME = AppIcon;
				INFOPLIST_FILE = HelloGuestNumber/Info.plist;
				LD_RUNPATH_SEARCH_PATHS = "$(inherited) @executable_path/Frameworks";
				PRODUCT_BUNDLE_IDENTIFIER = com.Daniel.HelloGuestNumber;
				PRODUCT_NAME = "$(TARGET_NAME)";
				SWIFT_VERSION = 3.0;
			};
			name = Debug;
		};
		65F520D11DE974E700188FA2 /* Release */ = {
			isa = XCBuildConfiguration;
			buildSettings = {
				ASSETCATALOG_COMPILER_APPICON_NAME = AppIcon;
				INFOPLIST_FILE = HelloGuestNumber/Info.plist;
				LD_RUNPATH_SEARCH_PATHS = "$(inherited) @executable_path/Frameworks";
				PRODUCT_BUNDLE_IDENTIFIER = com.Daniel.HelloGuestNumber;
				PRODUCT_NAME = "$(TARGET_NAME)";
				SWIFT_VERSION = 3.0;
			};
			name = Release;
		};
/* End XCBuildConfiguration section */

/* Begin XCConfigurationList section */
		65F520B81DE974E700188FA2 /* Build configuration list for PBXProject "HelloGuestNumber" */ = {
			isa = XCConfigurationList;
			buildConfigurations = (
				65F520CD1DE974E700188FA2 /* Debug */,
				65F520CE1DE974E700188FA2 /* Release */,
			);
			defaultConfigurationIsVisible = 0;
			defaultConfigurationName = Release;
		};
		65F520CF1DE974E700188FA2 /* Build configuration list for PBXNativeTarget "HelloGuestNumber" */ = {
			isa = XCConfigurationList;
			buildConfigurations = (
				65F520D01DE974E700188FA2 /* Debug */,
				65F520D11DE974E700188FA2 /* Release */,
			);
			defaultConfigurationIsVisible = 0;
		};
/* End XCConfigurationList section */
	};
	rootObject = 65F520B51DE974E700188FA2 /* Project object */;
}
